{
  "object": {
    "pins": [
      {
        "package": "GPUCIImageView",
        "repositoryURL": "https://github.com/dnpp73/GPUCIImageView",
        "state": {
          "branch": null,
          "revision": "2d8a482f4fac1c1a7159d41feb708806f5fb1e2d",
          "version": "0.1.1"
        }
      },
      {
        "package": "SimpleCamera",
        "repositoryURL": "https://github.com/dnpp73/SimpleCamera",
        "state": {
          "branch": null,
          "revision": "555927d1547920f18cfcce9e1aff0f3989138d61",
          "version": "0.2.1"
        }
      }
    ]
  },
  "version": 1
}
